
Microsoft Visual Studio Solution File, Format Version 12.00
# Visual Studio Version 17
VisualStudioVersion = 17.9.34728.123
MinimumVisualStudioVersion = 10.0.40219.1
Project("{FAE04EC0-301F-11D3-BF4B-00C04F79EFBC}") = "CarRentalManagement", "CarRentalManagement\CarRentalManagement\CarRentalManagement.csproj", "{9B6421FE-FCCC-4AD8-8272-3F392A94089D}"
EndProject
Project("{FAE04EC0-301F-11D3-BF4B-00C04F79EFBC}") = "CarRentalManagement.Client", "CarRentalManagement\CarRentalManagement.Client\CarRentalManagement.Client.csproj", "{2B4AE5A5-90CA-4E7F-9321-77EA5B3EA803}"
EndProject
Global
	GlobalSection(SolutionConfigurationPlatforms) = preSolution
		Debug|Any CPU = Debug|Any CPU
		Release|Any CPU = Release|Any CPU
	EndGlobalSection
	GlobalSection(ProjectConfigurationPlatforms) = postSolution
		{9B6421FE-FCCC-4AD8-8272-3F392A94089D}.Debug|Any CPU.ActiveCfg = Debug|Any CPU
		{9B6421FE-FCCC-4AD8-8272-3F392A94089D}.Debug|Any CPU.Build.0 = Debug|Any CPU
		{9B6421FE-FCCC-4AD8-8272-3F392A94089D}.Release|Any CPU.ActiveCfg = Release|Any CPU
		{9B6421FE-FCCC-4AD8-8272-3F392A94089D}.Release|Any CPU.Build.0 = Release|Any CPU
		{2B4AE5A5-90CA-4E7F-9321-77EA5B3EA803}.Debug|Any CPU.ActiveCfg = Debug|Any CPU
		{2B4AE5A5-90CA-4E7F-9321-77EA5B3EA803}.Debug|Any CPU.Build.0 = Debug|Any CPU
		{2B4AE5A5-90CA-4E7F-9321-77EA5B3EA803}.Release|Any CPU.ActiveCfg = Release|Any CPU
		{2B4AE5A5-90CA-4E7F-9321-77EA5B3EA803}.Release|Any CPU.Build.0 = Release|Any CPU
	EndGlobalSection
	GlobalSection(SolutionProperties) = preSolution
		HideSolutionNode = FALSE
	EndGlobalSection
	GlobalSection(ExtensibilityGlobals) = postSolution
		SolutionGuid = {BE977E35-10D0-4BC1-BCBD-7605FA0C0709}
	EndGlobalSection
EndGlobal
